<?xml version="1.0" encoding="UTF-8" standalone="yes" ?>
<CodeBlocks_project_file>
	<FileVersion major="1" minor="6" />
	<Project>
		<Option title="hwwallet" />
		<Option pch_mode="2" />
		<Option compiler="gcc" />
		<Build>
			<Target title="Debug">
				<Option output="bin/Debug/hwwallet" prefix_auto="1" extension_auto="1" />
				<Option object_output="obj/Debug/" />
				<Option type="1" />
				<Option compiler="gcc" />
				<Compiler>
					<Add option="-g" />
				</Compiler>
			</Target>
			<Target title="Release">
				<Option output="bin/Release/hwwallet" prefix_auto="1" extension_auto="1" />
				<Option object_output="obj/Release/" />
				<Option type="1" />
				<Option compiler="gcc" />
				<Compiler>
					<Add option="-O2" />
				</Compiler>
				<Linker>
					<Add option="-s" />
				</Linker>
			</Target>
		</Build>
		<Compiler>
			<Add option="-Wall" />
		</Compiler>
		<Unit filename="RLP.cpp" />
		<Unit filename="RLP.h" />
		<Unit filename="TX.h" />
		<Unit filename="asm_arm.inc" />
		<Unit filename="asm_arm_mult_square.inc" />
		<Unit filename="asm_arm_mult_square_umaal.inc" />
		<Unit filename="asm_avr.inc" />
		<Unit filename="asm_avr_mult_square.inc" />
		<Unit filename="curve-specific.inc" />
		<Unit filename="hwwallet.cbp" />
		<Unit filename="keccak256.c">
			<Option compilerVar="CC" />
		</Unit>
		<Unit filename="keccak256.h" />
		<Unit filename="main.cpp" />
		<Unit filename="platform-specific.inc" />
		<Unit filename="types.h" />
		<Unit filename="uECC.c">
			<Option compilerVar="CC" />
		</Unit>
		<Unit filename="uECC.h" />
		<Unit filename="uECC_vli.h" />
		<Extensions>
			<code_completion />
			<envvars />
			<debugger />
			<lib_finder disable_auto="1" />
		</Extensions>
	</Project>
</CodeBlocks_project_file>
